
Microsoft Visual Studio Solution File, Format Version 12.00
# Visual Studio Version 17
VisualStudioVersion = 17.1.32407.343
MinimumVisualStudioVersion = 10.0.40219.1
Project("{FAE04EC0-301F-11D3-BF4B-00C04F79EFBC}") = "InspectManpowerChart", "InspectManpowerChart.csproj", "{BFC17422-5B11-4B22-AF6B-08F442BF45BA}"
EndProject
Global
	GlobalSection(SolutionConfigurationPlatforms) = preSolution
		Debug|Any CPU = Debug|Any CPU
		Release|Any CPU = Release|Any CPU
	EndGlobalSection
	GlobalSection(ProjectConfigurationPlatforms) = postSolution
		{BFC17422-5B11-4B22-AF6B-08F442BF45BA}.Debug|Any CPU.ActiveCfg = Debug|Any CPU
		{BFC17422-5B11-4B22-AF6B-08F442BF45BA}.Debug|Any CPU.Build.0 = Debug|Any CPU
		{BFC17422-5B11-4B22-AF6B-08F442BF45BA}.Release|Any CPU.ActiveCfg = Release|Any CPU
		{BFC17422-5B11-4B22-AF6B-08F442BF45BA}.Release|Any CPU.Build.0 = Release|Any CPU
	EndGlobalSection
	GlobalSection(SolutionProperties) = preSolution
		HideSolutionNode = FALSE
	EndGlobalSection
	GlobalSection(ExtensibilityGlobals) = postSolution
		SolutionGuid = {CFE39F4F-050E-4248-BF92-4AF6A3E71A6F}
	EndGlobalSection
EndGlobal
